
Microsoft Visual Studio Solution File, Format Version 12.00
# Visual Studio Version 16
VisualStudioVersion = 16.0.31515.178
MinimumVisualStudioVersion = 10.0.40219.1
Project("{2150E333-8FDC-42A3-9474-1A3956D46DE8}") = "04-HelpdeskService", "04-HelpdeskService", "{297ABF6C-37E1-4EFD-B705-7A0536AA4680}"
EndProject
Project("{2150E333-8FDC-42A3-9474-1A3956D46DE8}") = "05-PerformanceAppraisalService", "05-PerformanceAppraisalService", "{CCC2CBB1-7DDF-4ACC-8BCE-0575CE6CC804}"
EndProject
Project("{2150E333-8FDC-42A3-9474-1A3956D46DE8}") = "02-WebAppGateway", "02-WebAppGateway", "{237CC84C-2796-4084-8263-BE35136FE0D8}"
EndProject
Project("{2150E333-8FDC-42A3-9474-1A3956D46DE8}") = "01-SysIdentityServer", "01-SysIdentityServer", "{8FD857C5-8F83-4A13-A284-7E81A50A4594}"
EndProject
Project("{2150E333-8FDC-42A3-9474-1A3956D46DE8}") = "99-SysEvenBus", "99-SysEvenBus", "{684DB6AA-A6F3-4FB0-A733-1DCDCF671E47}"
EndProject
Project("{2150E333-8FDC-42A3-9474-1A3956D46DE8}") = "02-MobileAppGateway", "02-MobileAppGateway", "{804BC570-FD65-443A-8CC1-84A385A33ABC}"
EndProject
Project("{2150E333-8FDC-42A3-9474-1A3956D46DE8}") = "01-Shared", "01-Shared", "{5BB0DBFC-8AD9-4039-ABBD-DF94C51AC98F}"
EndProject
Project("{2150E333-8FDC-42A3-9474-1A3956D46DE8}") = "02-Business", "02-Business", "{B1E68B22-8EAD-4C48-A5CF-E4D0A598BEF2}"
EndProject
Project("{2150E333-8FDC-42A3-9474-1A3956D46DE8}") = "03-Service", "03-Service", "{233C96C6-0E2B-475C-A7D1-DC214A59BD1D}"
EndProject
Project("{2150E333-8FDC-42A3-9474-1A3956D46DE8}") = "01-Shared", "01-Shared", "{7854D7B1-7329-4899-BD60-69FF81DCA182}"
EndProject
Project("{2150E333-8FDC-42A3-9474-1A3956D46DE8}") = "02-Business", "02-Business", "{143F9C1B-E193-40E2-9A95-C0F0034C0802}"
EndProject
Project("{2150E333-8FDC-42A3-9474-1A3956D46DE8}") = "03-Service", "03-Service", "{1F7D726E-E688-41A9-BC99-23CED39443C7}"
EndProject
Project("{9A19103F-16F7-4668-BE54-9A1E7A4F7556}") = "Helpdesk.Shared.DataAccess", "Helpdesk.Shared.DataAccess\Helpdesk.Shared.DataAccess.csproj", "{B6981C20-6D7F-4369-89EA-81B87AAB20F5}"
EndProject
Project("{9A19103F-16F7-4668-BE54-9A1E7A4F7556}") = "Helpdesk.Shared.Common", "Helpdesk.Shared.Common\Helpdesk.Shared.Common.csproj", "{580455BD-0F1C-4788-829F-6D965814E12F}"
EndProject
Project("{9A19103F-16F7-4668-BE54-9A1E7A4F7556}") = "Helpdesk.Shared.Entities", "Helpdesk.Shared.Entities\Helpdesk.Shared.Entities.csproj", "{EB58BBCF-388E-4586-B4A8-E1197B3D94B5}"
EndProject
Project("{2150E333-8FDC-42A3-9474-1A3956D46DE8}") = "03-UserManagementService", "03-UserManagementService", "{C33C70CD-FC38-4343-8C9B-9F62AFF39EB0}"
EndProject
Project("{9A19103F-16F7-4668-BE54-9A1E7A4F7556}") = "Helpdesk.Business.Interfaces", "Helpdesk.Business.Interfaces\Helpdesk.Business.Interfaces.csproj", "{06F7C33D-1EFF-48B9-AE94-6CC33136A6E9}"
EndProject
Project("{9A19103F-16F7-4668-BE54-9A1E7A4F7556}") = "Helpdesk.Business.Repositories", "Helpdesk.Business.Repositories\Helpdesk.Business.Repositories.csproj", "{C417D61D-F819-493E-BC8E-6CAF11B1F887}"
EndProject
Project("{9A19103F-16F7-4668-BE54-9A1E7A4F7556}") = "Helpdesk.Business.Logger", "Helpdesk.Business.Logger\Helpdesk.Business.Logger.csproj", "{E3000574-6392-44A3-967C-AD992146EC74}"
EndProject
Project("{9A19103F-16F7-4668-BE54-9A1E7A4F7556}") = "Helpdesk.Service", "Helpdesk.Service\Helpdesk.Service.csproj", "{3EEE2110-5718-485B-AB12-0EDFD2C75FF4}"
EndProject
Project("{9A19103F-16F7-4668-BE54-9A1E7A4F7556}") = "EmailService", "EmailService\EmailService.csproj", "{95DEF6D7-E3B8-496B-BCED-D4A0A225CA42}"
EndProject
Project("{2150E333-8FDC-42A3-9474-1A3956D46DE8}") = "01-Shared", "01-Shared", "{FAC521A5-BFBD-4C3D-AA0D-579520FB3190}"
EndProject
Project("{9A19103F-16F7-4668-BE54-9A1E7A4F7556}") = "UserMgt.Shared.Common", "UserMgt.Shared.Common\UserMgt.Shared.Common.csproj", "{F34A3224-411C-4271-B61C-DAC88F293164}"
EndProject
Project("{9A19103F-16F7-4668-BE54-9A1E7A4F7556}") = "UserMgt.Shared.Entities", "UserMgt.Shared.Entities\UserMgt.Shared.Entities.csproj", "{EC4B9950-991F-4F99-8C26-CFF0DFCEF3A7}"
EndProject
Project("{2150E333-8FDC-42A3-9474-1A3956D46DE8}") = "02-Business", "02-Business", "{704474B2-C386-40C8-88B0-087CA52EE9F8}"
EndProject
Project("{9A19103F-16F7-4668-BE54-9A1E7A4F7556}") = "UserMgt.Business.Interfaces", "UserMgt.Business.Interfaces\UserMgt.Business.Interfaces.csproj", "{FC6FFE7E-C5A8-4814-A9F8-5D7A90BF045D}"
EndProject
Project("{9A19103F-16F7-4668-BE54-9A1E7A4F7556}") = "UserMgt.Business.Repositories", "UserMgt.Business.Repositories\UserMgt.Business.Repositories.csproj", "{263496B1-544A-431A-8FC0-FA5FD1E89AB6}"
EndProject
Project("{9A19103F-16F7-4668-BE54-9A1E7A4F7556}") = "UserMgt.Business.Logger", "UserMgt.Business.Logger\UserMgt.Business.Logger.csproj", "{B13E3BBA-A943-4814-866A-BEE364A49537}"
EndProject
Project("{9A19103F-16F7-4668-BE54-9A1E7A4F7556}") = "UserMgt.Shared.DataAccess", "UserMgt.Shared.DataAccess\UserMgt.Shared.DataAccess.csproj", "{BDF60F6C-B92E-4FF4-99E5-03F5D9FA835B}"
EndProject
Project("{2150E333-8FDC-42A3-9474-1A3956D46DE8}") = "03-Service", "03-Service", "{D80C86F0-9154-45B1-9A4E-4D69E68C6815}"
EndProject
Project("{9A19103F-16F7-4668-BE54-9A1E7A4F7556}") = "UserMgt.Service", "UserMgt.Service\UserMgt.Service.csproj", "{9C724397-213F-4A74-BA19-F8230239AB6C}"
EndProject
Project("{9A19103F-16F7-4668-BE54-9A1E7A4F7556}") = "UserMgr.Business.EmailService", "UserMgr.Business.EmailService\UserMgr.Business.EmailService.csproj", "{A8685EAF-4986-4BFD-AC8B-84B530523906}"
EndProject
Project("{E53339B2-1760-4266-BCC7-CA923CBCF16C}") = "docker-compose", "docker-compose.dcproj", "{C526908F-BA41-468F-B4B4-7456221005BB}"
EndProject
Global
	GlobalSection(SolutionConfigurationPlatforms) = preSolution
		Debug|Any CPU = Debug|Any CPU
		Release|Any CPU = Release|Any CPU
	EndGlobalSection
	GlobalSection(ProjectConfigurationPlatforms) = postSolution
		{B6981C20-6D7F-4369-89EA-81B87AAB20F5}.Debug|Any CPU.ActiveCfg = Debug|Any CPU
		{B6981C20-6D7F-4369-89EA-81B87AAB20F5}.Debug|Any CPU.Build.0 = Debug|Any CPU
		{B6981C20-6D7F-4369-89EA-81B87AAB20F5}.Release|Any CPU.ActiveCfg = Release|Any CPU
		{B6981C20-6D7F-4369-89EA-81B87AAB20F5}.Release|Any CPU.Build.0 = Release|Any CPU
		{580455BD-0F1C-4788-829F-6D965814E12F}.Debug|Any CPU.ActiveCfg = Debug|Any CPU
		{580455BD-0F1C-4788-829F-6D965814E12F}.Debug|Any CPU.Build.0 = Debug|Any CPU
		{580455BD-0F1C-4788-829F-6D965814E12F}.Release|Any CPU.ActiveCfg = Release|Any CPU
		{580455BD-0F1C-4788-829F-6D965814E12F}.Release|Any CPU.Build.0 = Release|Any CPU
		{EB58BBCF-388E-4586-B4A8-E1197B3D94B5}.Debug|Any CPU.ActiveCfg = Debug|Any CPU
		{EB58BBCF-388E-4586-B4A8-E1197B3D94B5}.Debug|Any CPU.Build.0 = Debug|Any CPU
		{EB58BBCF-388E-4586-B4A8-E1197B3D94B5}.Release|Any CPU.ActiveCfg = Release|Any CPU
		{EB58BBCF-388E-4586-B4A8-E1197B3D94B5}.Release|Any CPU.Build.0 = Release|Any CPU
		{06F7C33D-1EFF-48B9-AE94-6CC33136A6E9}.Debug|Any CPU.ActiveCfg = Debug|Any CPU
		{06F7C33D-1EFF-48B9-AE94-6CC33136A6E9}.Debug|Any CPU.Build.0 = Debug|Any CPU
		{06F7C33D-1EFF-48B9-AE94-6CC33136A6E9}.Release|Any CPU.ActiveCfg = Release|Any CPU
		{06F7C33D-1EFF-48B9-AE94-6CC33136A6E9}.Release|Any CPU.Build.0 = Release|Any CPU
		{C417D61D-F819-493E-BC8E-6CAF11B1F887}.Debug|Any CPU.ActiveCfg = Debug|Any CPU
		{C417D61D-F819-493E-BC8E-6CAF11B1F887}.Debug|Any CPU.Build.0 = Debug|Any CPU
		{C417D61D-F819-493E-BC8E-6CAF11B1F887}.Release|Any CPU.ActiveCfg = Release|Any CPU
		{C417D61D-F819-493E-BC8E-6CAF11B1F887}.Release|Any CPU.Build.0 = Release|Any CPU
		{E3000574-6392-44A3-967C-AD992146EC74}.Debug|Any CPU.ActiveCfg = Debug|Any CPU
		{E3000574-6392-44A3-967C-AD992146EC74}.Debug|Any CPU.Build.0 = Debug|Any CPU
		{E3000574-6392-44A3-967C-AD992146EC74}.Release|Any CPU.ActiveCfg = Release|Any CPU
		{E3000574-6392-44A3-967C-AD992146EC74}.Release|Any CPU.Build.0 = Release|Any CPU
		{3EEE2110-5718-485B-AB12-0EDFD2C75FF4}.Debug|Any CPU.ActiveCfg = Debug|Any CPU
		{3EEE2110-5718-485B-AB12-0EDFD2C75FF4}.Debug|Any CPU.Build.0 = Debug|Any CPU
		{3EEE2110-5718-485B-AB12-0EDFD2C75FF4}.Release|Any CPU.ActiveCfg = Release|Any CPU
		{3EEE2110-5718-485B-AB12-0EDFD2C75FF4}.Release|Any CPU.Build.0 = Release|Any CPU
		{95DEF6D7-E3B8-496B-BCED-D4A0A225CA42}.Debug|Any CPU.ActiveCfg = Debug|Any CPU
		{95DEF6D7-E3B8-496B-BCED-D4A0A225CA42}.Debug|Any CPU.Build.0 = Debug|Any CPU
		{95DEF6D7-E3B8-496B-BCED-D4A0A225CA42}.Release|Any CPU.ActiveCfg = Release|Any CPU
		{95DEF6D7-E3B8-496B-BCED-D4A0A225CA42}.Release|Any CPU.Build.0 = Release|Any CPU
		{F34A3224-411C-4271-B61C-DAC88F293164}.Debug|Any CPU.ActiveCfg = Debug|Any CPU
		{F34A3224-411C-4271-B61C-DAC88F293164}.Debug|Any CPU.Build.0 = Debug|Any CPU
		{F34A3224-411C-4271-B61C-DAC88F293164}.Release|Any CPU.ActiveCfg = Release|Any CPU
		{F34A3224-411C-4271-B61C-DAC88F293164}.Release|Any CPU.Build.0 = Release|Any CPU
		{EC4B9950-991F-4F99-8C26-CFF0DFCEF3A7}.Debug|Any CPU.ActiveCfg = Debug|Any CPU
		{EC4B9950-991F-4F99-8C26-CFF0DFCEF3A7}.Debug|Any CPU.Build.0 = Debug|Any CPU
		{EC4B9950-991F-4F99-8C26-CFF0DFCEF3A7}.Release|Any CPU.ActiveCfg = Release|Any CPU
		{EC4B9950-991F-4F99-8C26-CFF0DFCEF3A7}.Release|Any CPU.Build.0 = Release|Any CPU
		{FC6FFE7E-C5A8-4814-A9F8-5D7A90BF045D}.Debug|Any CPU.ActiveCfg = Debug|Any CPU
		{FC6FFE7E-C5A8-4814-A9F8-5D7A90BF045D}.Debug|Any CPU.Build.0 = Debug|Any CPU
		{FC6FFE7E-C5A8-4814-A9F8-5D7A90BF045D}.Release|Any CPU.ActiveCfg = Release|Any CPU
		{FC6FFE7E-C5A8-4814-A9F8-5D7A90BF045D}.Release|Any CPU.Build.0 = Release|Any CPU
		{263496B1-544A-431A-8FC0-FA5FD1E89AB6}.Debug|Any CPU.ActiveCfg = Debug|Any CPU
		{263496B1-544A-431A-8FC0-FA5FD1E89AB6}.Debug|Any CPU.Build.0 = Debug|Any CPU
		{263496B1-544A-431A-8FC0-FA5FD1E89AB6}.Release|Any CPU.ActiveCfg = Release|Any CPU
		{263496B1-544A-431A-8FC0-FA5FD1E89AB6}.Release|Any CPU.Build.0 = Release|Any CPU
		{B13E3BBA-A943-4814-866A-BEE364A49537}.Debug|Any CPU.ActiveCfg = Debug|Any CPU
		{B13E3BBA-A943-4814-866A-BEE364A49537}.Debug|Any CPU.Build.0 = Debug|Any CPU
		{B13E3BBA-A943-4814-866A-BEE364A49537}.Release|Any CPU.ActiveCfg = Release|Any CPU
		{B13E3BBA-A943-4814-866A-BEE364A49537}.Release|Any CPU.Build.0 = Release|Any CPU
		{BDF60F6C-B92E-4FF4-99E5-03F5D9FA835B}.Debug|Any CPU.ActiveCfg = Debug|Any CPU
		{BDF60F6C-B92E-4FF4-99E5-03F5D9FA835B}.Debug|Any CPU.Build.0 = Debug|Any CPU
		{BDF60F6C-B92E-4FF4-99E5-03F5D9FA835B}.Release|Any CPU.ActiveCfg = Release|Any CPU
		{BDF60F6C-B92E-4FF4-99E5-03F5D9FA835B}.Release|Any CPU.Build.0 = Release|Any CPU
		{9C724397-213F-4A74-BA19-F8230239AB6C}.Debug|Any CPU.ActiveCfg = Debug|Any CPU
		{9C724397-213F-4A74-BA19-F8230239AB6C}.Debug|Any CPU.Build.0 = Debug|Any CPU
		{9C724397-213F-4A74-BA19-F8230239AB6C}.Release|Any CPU.ActiveCfg = Release|Any CPU
		{9C724397-213F-4A74-BA19-F8230239AB6C}.Release|Any CPU.Build.0 = Release|Any CPU
		{A8685EAF-4986-4BFD-AC8B-84B530523906}.Debug|Any CPU.ActiveCfg = Debug|Any CPU
		{A8685EAF-4986-4BFD-AC8B-84B530523906}.Debug|Any CPU.Build.0 = Debug|Any CPU
		{A8685EAF-4986-4BFD-AC8B-84B530523906}.Release|Any CPU.ActiveCfg = Release|Any CPU
		{A8685EAF-4986-4BFD-AC8B-84B530523906}.Release|Any CPU.Build.0 = Release|Any CPU
		{C526908F-BA41-468F-B4B4-7456221005BB}.Debug|Any CPU.ActiveCfg = Debug|Any CPU
		{C526908F-BA41-468F-B4B4-7456221005BB}.Debug|Any CPU.Build.0 = Debug|Any CPU
		{C526908F-BA41-468F-B4B4-7456221005BB}.Release|Any CPU.ActiveCfg = Release|Any CPU
		{C526908F-BA41-468F-B4B4-7456221005BB}.Release|Any CPU.Build.0 = Release|Any CPU
	EndGlobalSection
	GlobalSection(SolutionProperties) = preSolution
		HideSolutionNode = FALSE
	EndGlobalSection
	GlobalSection(NestedProjects) = preSolution
		{5BB0DBFC-8AD9-4039-ABBD-DF94C51AC98F} = {297ABF6C-37E1-4EFD-B705-7A0536AA4680}
		{B1E68B22-8EAD-4C48-A5CF-E4D0A598BEF2} = {297ABF6C-37E1-4EFD-B705-7A0536AA4680}
		{233C96C6-0E2B-475C-A7D1-DC214A59BD1D} = {297ABF6C-37E1-4EFD-B705-7A0536AA4680}
		{7854D7B1-7329-4899-BD60-69FF81DCA182} = {CCC2CBB1-7DDF-4ACC-8BCE-0575CE6CC804}
		{143F9C1B-E193-40E2-9A95-C0F0034C0802} = {CCC2CBB1-7DDF-4ACC-8BCE-0575CE6CC804}
		{1F7D726E-E688-41A9-BC99-23CED39443C7} = {CCC2CBB1-7DDF-4ACC-8BCE-0575CE6CC804}
		{B6981C20-6D7F-4369-89EA-81B87AAB20F5} = {5BB0DBFC-8AD9-4039-ABBD-DF94C51AC98F}
		{580455BD-0F1C-4788-829F-6D965814E12F} = {5BB0DBFC-8AD9-4039-ABBD-DF94C51AC98F}
		{EB58BBCF-388E-4586-B4A8-E1197B3D94B5} = {5BB0DBFC-8AD9-4039-ABBD-DF94C51AC98F}
		{06F7C33D-1EFF-48B9-AE94-6CC33136A6E9} = {B1E68B22-8EAD-4C48-A5CF-E4D0A598BEF2}
		{C417D61D-F819-493E-BC8E-6CAF11B1F887} = {B1E68B22-8EAD-4C48-A5CF-E4D0A598BEF2}
		{E3000574-6392-44A3-967C-AD992146EC74} = {B1E68B22-8EAD-4C48-A5CF-E4D0A598BEF2}
		{3EEE2110-5718-485B-AB12-0EDFD2C75FF4} = {233C96C6-0E2B-475C-A7D1-DC214A59BD1D}
		{95DEF6D7-E3B8-496B-BCED-D4A0A225CA42} = {B1E68B22-8EAD-4C48-A5CF-E4D0A598BEF2}
		{FAC521A5-BFBD-4C3D-AA0D-579520FB3190} = {C33C70CD-FC38-4343-8C9B-9F62AFF39EB0}
		{F34A3224-411C-4271-B61C-DAC88F293164} = {FAC521A5-BFBD-4C3D-AA0D-579520FB3190}
		{EC4B9950-991F-4F99-8C26-CFF0DFCEF3A7} = {FAC521A5-BFBD-4C3D-AA0D-579520FB3190}
		{704474B2-C386-40C8-88B0-087CA52EE9F8} = {C33C70CD-FC38-4343-8C9B-9F62AFF39EB0}
		{FC6FFE7E-C5A8-4814-A9F8-5D7A90BF045D} = {704474B2-C386-40C8-88B0-087CA52EE9F8}
		{263496B1-544A-431A-8FC0-FA5FD1E89AB6} = {704474B2-C386-40C8-88B0-087CA52EE9F8}
		{B13E3BBA-A943-4814-866A-BEE364A49537} = {704474B2-C386-40C8-88B0-087CA52EE9F8}
		{BDF60F6C-B92E-4FF4-99E5-03F5D9FA835B} = {FAC521A5-BFBD-4C3D-AA0D-579520FB3190}
		{D80C86F0-9154-45B1-9A4E-4D69E68C6815} = {C33C70CD-FC38-4343-8C9B-9F62AFF39EB0}
		{9C724397-213F-4A74-BA19-F8230239AB6C} = {D80C86F0-9154-45B1-9A4E-4D69E68C6815}
		{A8685EAF-4986-4BFD-AC8B-84B530523906} = {704474B2-C386-40C8-88B0-087CA52EE9F8}
	EndGlobalSection
	GlobalSection(ExtensibilityGlobals) = postSolution
		SolutionGuid = {107615E1-AE17-4DAD-AB7C-07BE0AC06E26}
	EndGlobalSection
EndGlobal
